
Microsoft Visual Studio Solution File, Format Version 12.00
# Visual Studio Version 16
VisualStudioVersion = 16.0.31321.278
MinimumVisualStudioVersion = 10.0.40219.1
Project("{FAE04EC0-301F-11D3-BF4B-00C04F79EFBC}") = "StringTolinecCpp", "StringTolinecCpp\StringTolinecCpp.csproj", "{6F6C6782-8A13-4250-BFC8-7C7B58B5CD94}"
EndProject
Global
	GlobalSection(SolutionConfigurationPlatforms) = preSolution
		Debug|Any CPU = Debug|Any CPU
		Release|Any CPU = Release|Any CPU
	EndGlobalSection
	GlobalSection(ProjectConfigurationPlatforms) = postSolution
		{6F6C6782-8A13-4250-BFC8-7C7B58B5CD94}.Debug|Any CPU.ActiveCfg = Debug|Any CPU
		{6F6C6782-8A13-4250-BFC8-7C7B58B5CD94}.Debug|Any CPU.Build.0 = Debug|Any CPU
		{6F6C6782-8A13-4250-BFC8-7C7B58B5CD94}.Release|Any CPU.ActiveCfg = Release|Any CPU
		{6F6C6782-8A13-4250-BFC8-7C7B58B5CD94}.Release|Any CPU.Build.0 = Release|Any CPU
	EndGlobalSection
	GlobalSection(SolutionProperties) = preSolution
		HideSolutionNode = FALSE
	EndGlobalSection
	GlobalSection(ExtensibilityGlobals) = postSolution
		SolutionGuid = {A99BCEFC-2F00-44CF-93DA-671C6D714C99}
	EndGlobalSection
EndGlobal
